{
  "version": 4,
  "terraform_version": "0.14.8",
  "serial": 53,
  "lineage": "56b5f532-2e8f-2189-02e1-a2ba4d56802d",
  "outputs": {
    "raw_data_s3_id": {
      "value": "test-raw-data-s3",
      "type": "string"
    },
    "raw_s3_bucket_region": {
      "value": "us-east-1",
      "type": "string"
    }
  },
  "resources": [
    {
      "mode": "data",
      "type": "aws_region",
      "name": "current_region",
      "provider": "provider[\"registry.terraform.io/hashicorp/aws\"]",
      "instances": [
        {
          "schema_version": 0,
          "attributes": {
            "description": "US East (N. Virginia)",
            "endpoint": "ec2.us-east-1.amazonaws.com",
            "id": "us-east-1",
            "name": "us-east-1"
          },
          "sensitive_attributes": []
        }
      ]
    },
    {
      "mode": "managed",
      "type": "aws_s3_bucket",
      "name": "raw_data_s3",
      "provider": "provider[\"registry.terraform.io/hashicorp/aws\"]",
      "instances": [
        {
          "schema_version": 0,
          "attributes": {
            "acceleration_status": "",
            "acl": "private",
            "arn": "arn:aws:s3:::test-raw-data-s3",
            "bucket": "test-raw-data-s3",
            "bucket_domain_name": "test-raw-data-s3.s3.amazonaws.com",
            "bucket_prefix": null,
            "bucket_regional_domain_name": "test-raw-data-s3.s3.amazonaws.com",
            "cors_rule": [],
            "force_destroy": false,
            "grant": [],
            "hosted_zone_id": "Z3AQBSTGFYJSTF",
            "id": "test-raw-data-s3",
            "lifecycle_rule": [],
            "logging": [],
            "object_lock_configuration": [
              {
                "object_lock_enabled": "Disabled",
                "rule": []
              }
            ],
            "policy": null,
            "region": "us-east-1",
            "replication_configuration": [],
            "request_payer": "BucketOwner",
            "server_side_encryption_configuration": [],
            "tags": {
              "Environment": "test",
              "OwnerEmail": "longbuivan95@gmail.com",
              "Workload": "test"
            },
            "tags_all": {
              "Environment": "test",
              "OwnerEmail": "longbuivan95@gmail.com",
              "Workload": "test"
            },
            "versioning": [
              {
                "enabled": false,
                "mfa_delete": false
              }
            ],
            "website": [],
            "website_domain": null,
            "website_endpoint": null
          },
          "sensitive_attributes": [],
          "private": "bnVsbA=="
        }
      ]
    },
    {
      "mode": "managed",
      "type": "aws_s3_bucket_public_access_block",
      "name": "raw_data_s3_acl",
      "provider": "provider[\"registry.terraform.io/hashicorp/aws\"]",
      "instances": [
        {
          "schema_version": 0,
          "attributes": {
            "block_public_acls": true,
            "block_public_policy": true,
            "bucket": "test-raw-data-s3",
            "id": "test-raw-data-s3",
            "ignore_public_acls": true,
            "restrict_public_buckets": true
          },
          "sensitive_attributes": [],
          "private": "bnVsbA==",
          "dependencies": [
            "aws_s3_bucket.raw_data_s3"
          ]
        }
      ]
    }
  ]
}
